
Microsoft Visual Studio Solution File, Format Version 12.00
# Visual Studio Version 16
VisualStudioVersion = 16.0.30503.244
MinimumVisualStudioVersion = 10.0.40219.1
Project("{FAE04EC0-301F-11D3-BF4B-00C04F79EFBC}") = "SQL_07.12.20", "SQL_07.12.20\SQL_07.12.20.csproj", "{EA6ED4E2-1B52-417A-A09B-6AD6AAD69472}"
EndProject
Global
	GlobalSection(SolutionConfigurationPlatforms) = preSolution
		Debug|Any CPU = Debug|Any CPU
		Release|Any CPU = Release|Any CPU
	EndGlobalSection
	GlobalSection(ProjectConfigurationPlatforms) = postSolution
		{EA6ED4E2-1B52-417A-A09B-6AD6AAD69472}.Debug|Any CPU.ActiveCfg = Debug|Any CPU
		{EA6ED4E2-1B52-417A-A09B-6AD6AAD69472}.Debug|Any CPU.Build.0 = Debug|Any CPU
		{EA6ED4E2-1B52-417A-A09B-6AD6AAD69472}.Release|Any CPU.ActiveCfg = Release|Any CPU
		{EA6ED4E2-1B52-417A-A09B-6AD6AAD69472}.Release|Any CPU.Build.0 = Release|Any CPU
	EndGlobalSection
	GlobalSection(SolutionProperties) = preSolution
		HideSolutionNode = FALSE
	EndGlobalSection
	GlobalSection(ExtensibilityGlobals) = postSolution
		SolutionGuid = {D0D2DF47-8568-413C-A1EF-8050C583E2A4}
	EndGlobalSection
EndGlobal
