
Microsoft Visual Studio Solution File, Format Version 12.00
# Visual Studio Version 16
VisualStudioVersion = 16.0.30517.126
MinimumVisualStudioVersion = 10.0.40219.1
Project("{FAE04EC0-301F-11D3-BF4B-00C04F79EFBC}") = "PR_2", "PR_2\PR_2.csproj", "{78E78948-383B-4F5D-B5AA-C66AE3ADC810}"
EndProject
Global
	GlobalSection(SolutionConfigurationPlatforms) = preSolution
		Debug|Any CPU = Debug|Any CPU
		Release|Any CPU = Release|Any CPU
	EndGlobalSection
	GlobalSection(ProjectConfigurationPlatforms) = postSolution
		{78E78948-383B-4F5D-B5AA-C66AE3ADC810}.Debug|Any CPU.ActiveCfg = Debug|Any CPU
		{78E78948-383B-4F5D-B5AA-C66AE3ADC810}.Debug|Any CPU.Build.0 = Debug|Any CPU
		{78E78948-383B-4F5D-B5AA-C66AE3ADC810}.Release|Any CPU.ActiveCfg = Release|Any CPU
		{78E78948-383B-4F5D-B5AA-C66AE3ADC810}.Release|Any CPU.Build.0 = Release|Any CPU
	EndGlobalSection
	GlobalSection(SolutionProperties) = preSolution
		HideSolutionNode = FALSE
	EndGlobalSection
	GlobalSection(ExtensibilityGlobals) = postSolution
		SolutionGuid = {B4FF4D0D-41FA-47D7-81E1-B6EEFF3C7D4D}
	EndGlobalSection
EndGlobal
