
Microsoft Visual Studio Solution File, Format Version 12.00
# Visual Studio Version 16
VisualStudioVersion = 16.0.30503.244
MinimumVisualStudioVersion = 10.0.40219.1
Project("{FAE04EC0-301F-11D3-BF4B-00C04F79EFBC}") = "PR_4", "PR_4\PR_4.csproj", "{C14768D6-DBEB-4306-AE2D-D30B4ACCE40A}"
EndProject
Global
	GlobalSection(SolutionConfigurationPlatforms) = preSolution
		Debug|Any CPU = Debug|Any CPU
		Release|Any CPU = Release|Any CPU
	EndGlobalSection
	GlobalSection(ProjectConfigurationPlatforms) = postSolution
		{C14768D6-DBEB-4306-AE2D-D30B4ACCE40A}.Debug|Any CPU.ActiveCfg = Debug|Any CPU
		{C14768D6-DBEB-4306-AE2D-D30B4ACCE40A}.Debug|Any CPU.Build.0 = Debug|Any CPU
		{C14768D6-DBEB-4306-AE2D-D30B4ACCE40A}.Release|Any CPU.ActiveCfg = Release|Any CPU
		{C14768D6-DBEB-4306-AE2D-D30B4ACCE40A}.Release|Any CPU.Build.0 = Release|Any CPU
	EndGlobalSection
	GlobalSection(SolutionProperties) = preSolution
		HideSolutionNode = FALSE
	EndGlobalSection
	GlobalSection(ExtensibilityGlobals) = postSolution
		SolutionGuid = {D52E9A18-17F0-492B-94DC-7720B6A90F26}
	EndGlobalSection
EndGlobal
