
Microsoft Visual Studio Solution File, Format Version 12.00
# Visual Studio Version 16
VisualStudioVersion = 16.0.30503.244
MinimumVisualStudioVersion = 10.0.40219.1
Project("{FAE04EC0-301F-11D3-BF4B-00C04F79EFBC}") = "Urok_08.10.20", "Urok_08.10.20\Urok_08.10.20.csproj", "{20486AE9-24D0-4C74-9C32-1626541A1562}"
EndProject
Global
	GlobalSection(SolutionConfigurationPlatforms) = preSolution
		Debug|Any CPU = Debug|Any CPU
		Release|Any CPU = Release|Any CPU
	EndGlobalSection
	GlobalSection(ProjectConfigurationPlatforms) = postSolution
		{20486AE9-24D0-4C74-9C32-1626541A1562}.Debug|Any CPU.ActiveCfg = Debug|Any CPU
		{20486AE9-24D0-4C74-9C32-1626541A1562}.Debug|Any CPU.Build.0 = Debug|Any CPU
		{20486AE9-24D0-4C74-9C32-1626541A1562}.Release|Any CPU.ActiveCfg = Release|Any CPU
		{20486AE9-24D0-4C74-9C32-1626541A1562}.Release|Any CPU.Build.0 = Release|Any CPU
	EndGlobalSection
	GlobalSection(SolutionProperties) = preSolution
		HideSolutionNode = FALSE
	EndGlobalSection
	GlobalSection(ExtensibilityGlobals) = postSolution
		SolutionGuid = {02CE462D-562C-440A-8CFF-1245466FBDF4}
	EndGlobalSection
EndGlobal
